{
  "name": "@rajesh896/video-thumbnails-generator",
  "version": "2.1.2",
  "lockfileVersion": 2,
  "requires": true,
  "packages": {
    "": {
      "name": "@rajesh896/video-thumbnails-generator",
      "version": "2.1.2",
      "license": "MIT",
      "dependencies": {
        "@rajesh896/video-thumbnails-generator": "^2.1.2"
      }
    },
    "node_modules/@rajesh896/video-thumbnails-generator": {
      "version": "2.1.2",
      "resolved": "https://registry.npmjs.org/@rajesh896/video-thumbnails-generator/-/video-thumbnails-generator-2.1.2.tgz",
      "integrity": "sha512-PNntRLK5OWlbGRh672O0J5V+8JxTISLLdFQXtZ00gJDfUUgbgTegqJAWuKjRU1xDZjgoBpjByHcdCCAwO4dU/g=="
    }
  },
  "dependencies": {
    "@rajesh896/video-thumbnails-generator": {
      "version": "2.1.2",
      "resolved": "https://registry.npmjs.org/@rajesh896/video-thumbnails-generator/-/video-thumbnails-generator-2.1.2.tgz",
      "integrity": "sha512-PNntRLK5OWlbGRh672O0J5V+8JxTISLLdFQXtZ00gJDfUUgbgTegqJAWuKjRU1xDZjgoBpjByHcdCCAwO4dU/g=="
    }
  }
}
