{
  "name": "@rajesh896/video-thumbnails-generator",
  "version": "2.1.3",
  "lockfileVersion": 2,
  "requires": true,
  "packages": {
    "": {
      "name": "@rajesh896/video-thumbnails-generator",
      "version": "2.1.3",
      "license": "MIT",
      "dependencies": {
        "@rajesh896/video-thumbnails-generator": "^2.1.3"
      }
    },
    "node_modules/@rajesh896/video-thumbnails-generator": {
      "version": "2.1.3",
      "resolved": "https://registry.npmjs.org/@rajesh896/video-thumbnails-generator/-/video-thumbnails-generator-2.1.3.tgz",
      "integrity": "sha512-BRi3ai5ntlOGOCD8DE/A82Uzbgc6NKiLbFNsiRdScxw5dC8SngkZ8qlb1gpdXsfrrzZkggUuZwmBNKeI0Iw/uw==",
      "dependencies": {
        "@rajesh896/video-thumbnails-generator": "^2.1.2"
      }
    }
  },
  "dependencies": {
    "@rajesh896/video-thumbnails-generator": {
      "version": "2.1.3",
      "resolved": "https://registry.npmjs.org/@rajesh896/video-thumbnails-generator/-/video-thumbnails-generator-2.1.3.tgz",
      "integrity": "sha512-BRi3ai5ntlOGOCD8DE/A82Uzbgc6NKiLbFNsiRdScxw5dC8SngkZ8qlb1gpdXsfrrzZkggUuZwmBNKeI0Iw/uw==",
      "requires": {
        "@rajesh896/video-thumbnails-generator": "^2.1.2"
      }
    }
  }
}
